
Microsoft Visual Studio Solution File, Format Version 12.00
# Visual Studio Version 17
VisualStudioVersion = 17.5.33627.172
MinimumVisualStudioVersion = 10.0.40219.1
Project("{FAE04EC0-301F-11D3-BF4B-00C04F79EFBC}") = "RDA.Project.Okno", "RDA.Project.Okno.csproj", "{6F1EE806-3963-4CE1-BB3A-4B639F2EC6AE}"
EndProject
Global
	GlobalSection(SolutionConfigurationPlatforms) = preSolution
		Debug|Any CPU = Debug|Any CPU
		Release|Any CPU = Release|Any CPU
	EndGlobalSection
	GlobalSection(ProjectConfigurationPlatforms) = postSolution
		{6F1EE806-3963-4CE1-BB3A-4B639F2EC6AE}.Debug|Any CPU.ActiveCfg = Debug|Any CPU
		{6F1EE806-3963-4CE1-BB3A-4B639F2EC6AE}.Debug|Any CPU.Build.0 = Debug|Any CPU
		{6F1EE806-3963-4CE1-BB3A-4B639F2EC6AE}.Release|Any CPU.ActiveCfg = Release|Any CPU
		{6F1EE806-3963-4CE1-BB3A-4B639F2EC6AE}.Release|Any CPU.Build.0 = Release|Any CPU
	EndGlobalSection
	GlobalSection(SolutionProperties) = preSolution
		HideSolutionNode = FALSE
	EndGlobalSection
	GlobalSection(ExtensibilityGlobals) = postSolution
		SolutionGuid = {2B56DF2A-2A89-45B6-AAAE-8084DF40868A}
	EndGlobalSection
EndGlobal
